// !$*UTF8*$!
{
	archiveVersion = 1;
	classes = {
	};
	objectVersion = 46;
	objects = {

/* Begin PBXBuildFile section */
		9483D96615EBFFA700CAD7E8 /* libBadgeKit.a in Frameworks */ = {isa = PBXBuildFile; fileRef = 9483D96515EBFFA700CAD7E8 /* libBadgeKit.a */; };
		9483D96A15EC19BE00CAD7E8 /* BCBadgeView.xib in Resources */ = {isa = PBXBuildFile; fileRef = 9483D96915EC19BE00CAD7E8 /* BCBadgeView.xib */; };
		94D8213E15DD4F300096CD02 /* UIKit.framework in Frameworks */ = {isa = PBXBuildFile; fileRef = 94D8213D15DD4F300096CD02 /* UIKit.framework */; };
		94D8214015DD4F300096CD02 /* Foundation.framework in Frameworks */ = {isa = PBXBuildFile; fileRef = 94D8213F15DD4F300096CD02 /* Foundation.framework */; };
		94D8214215DD4F300096CD02 /* CoreGraphics.framework in Frameworks */ = {isa = PBXBuildFile; fileRef = 94D8214115DD4F300096CD02 /* CoreGraphics.framework */; };
		94D8214815DD4F300096CD02 /* InfoPlist.strings in Resources */ = {isa = PBXBuildFile; fileRef = 94D8214615DD4F300096CD02 /* InfoPlist.strings */; };
		94D8214A15DD4F300096CD02 /* main.m in Sources */ = {isa = PBXBuildFile; fileRef = 94D8214915DD4F300096CD02 /* main.m */; };
		94D8214E15DD4F300096CD02 /* BCDemoAppDelegate.m in Sources */ = {isa = PBXBuildFile; fileRef = 94D8214D15DD4F300096CD02 /* BCDemoAppDelegate.m */; };
		94D8215715DD4F300096CD02 /* BCDemoViewController.m in Sources */ = {isa = PBXBuildFile; fileRef = 94D8215615DD4F300096CD02 /* BCDemoViewController.m */; };
		94D8215F15DD4F300096CD02 /* SenTestingKit.framework in Frameworks */ = {isa = PBXBuildFile; fileRef = 94D8215E15DD4F300096CD02 /* SenTestingKit.framework */; };
		94D8216015DD4F300096CD02 /* UIKit.framework in Frameworks */ = {isa = PBXBuildFile; fileRef = 94D8213D15DD4F300096CD02 /* UIKit.framework */; };
		94D8216115DD4F300096CD02 /* Foundation.framework in Frameworks */ = {isa = PBXBuildFile; fileRef = 94D8213F15DD4F300096CD02 /* Foundation.framework */; };
		94D8216915DD4F300096CD02 /* InfoPlist.strings in Resources */ = {isa = PBXBuildFile; fileRef = 94D8216715DD4F300096CD02 /* InfoPlist.strings */; };
		94D8216C15DD4F300096CD02 /* BadgeCenterDemoTests.m in Sources */ = {isa = PBXBuildFile; fileRef = 94D8216B15DD4F300096CD02 /* BadgeCenterDemoTests.m */; };
		94D8224915DD4FEE0096CD02 /* carbon-1.jpg in Resources */ = {isa = PBXBuildFile; fileRef = 94D8220815DD4FEE0096CD02 /* carbon-1.jpg */; };
		94D8224A15DD4FEE0096CD02 /* leather-1.jpg in Resources */ = {isa = PBXBuildFile; fileRef = 94D8220915DD4FEE0096CD02 /* leather-1.jpg */; };
		94D8224B15DD4FEE0096CD02 /* leather-2.jpg in Resources */ = {isa = PBXBuildFile; fileRef = 94D8220A15DD4FEE0096CD02 /* leather-2.jpg */; };
		94D8224C15DD4FEE0096CD02 /* linen-1.jpg in Resources */ = {isa = PBXBuildFile; fileRef = 94D8220B15DD4FEE0096CD02 /* linen-1.jpg */; };
		94D8224D15DD4FEE0096CD02 /* linen-2.jpg in Resources */ = {isa = PBXBuildFile; fileRef = 94D8220C15DD4FEE0096CD02 /* linen-2.jpg */; };
		94D8224E15DD4FEE0096CD02 /* metal-1.jpg in Resources */ = {isa = PBXBuildFile; fileRef = 94D8220D15DD4FEE0096CD02 /* metal-1.jpg */; };
		94D8224F15DD4FEE0096CD02 /* metal-2.jpg in Resources */ = {isa = PBXBuildFile; fileRef = 94D8220E15DD4FEE0096CD02 /* metal-2.jpg */; };
		94D8225015DD4FEE0096CD02 /* metal-3.jpg in Resources */ = {isa = PBXBuildFile; fileRef = 94D8220F15DD4FEE0096CD02 /* metal-3.jpg */; };
		94D8225115DD4FEE0096CD02 /* 7daystretch-1.png in Resources */ = {isa = PBXBuildFile; fileRef = 94D8221115DD4FEE0096CD02 /* 7daystretch-1.png */; };
		94D8225215DD4FEE0096CD02 /* 7daystretch-1@2x.png in Resources */ = {isa = PBXBuildFile; fileRef = 94D8221215DD4FEE0096CD02 /* 7daystretch-1@2x.png */; };
		94D8225315DD4FEE0096CD02 /* 7daystretch-2.png in Resources */ = {isa = PBXBuildFile; fileRef = 94D8221315DD4FEE0096CD02 /* 7daystretch-2.png */; };
		94D8225415DD4FEE0096CD02 /* 7daystretch-2@2x.png in Resources */ = {isa = PBXBuildFile; fileRef = 94D8221415DD4FEE0096CD02 /* 7daystretch-2@2x.png */; };
		94D8225515DD4FEE0096CD02 /* 7daystretch-3.png in Resources */ = {isa = PBXBuildFile; fileRef = 94D8221515DD4FEE0096CD02 /* 7daystretch-3.png */; };
		94D8225615DD4FEE0096CD02 /* 7daystretch-3@2x.png in Resources */ = {isa = PBXBuildFile; fileRef = 94D8221615DD4FEE0096CD02 /* 7daystretch-3@2x.png */; };
		94D8225715DD4FEE0096CD02 /* 7daystretch-4.png in Resources */ = {isa = PBXBuildFile; fileRef = 94D8221715DD4FEE0096CD02 /* 7daystretch-4.png */; };
		94D8225815DD4FEE0096CD02 /* 7daystretch-4@2x.png in Resources */ = {isa = PBXBuildFile; fileRef = 94D8221815DD4FEE0096CD02 /* 7daystretch-4@2x.png */; };
		94D8225915DD4FEE0096CD02 /* applover-1.png in Resources */ = {isa = PBXBuildFile; fileRef = 94D8221915DD4FEE0096CD02 /* applover-1.png */; };
		94D8225A15DD4FEE0096CD02 /* applover-1@2x.png in Resources */ = {isa = PBXBuildFile; fileRef = 94D8221A15DD4FEE0096CD02 /* applover-1@2x.png */; };
		94D8225B15DD4FEE0096CD02 /* applover-2.png in Resources */ = {isa = PBXBuildFile; fileRef = 94D8221B15DD4FEE0096CD02 /* applover-2.png */; };
		94D8225C15DD4FEE0096CD02 /* applover-2@2x.png in Resources */ = {isa = PBXBuildFile; fileRef = 94D8221C15DD4FEE0096CD02 /* applover-2@2x.png */; };
		94D8225D15DD4FEE0096CD02 /* applover-3.png in Resources */ = {isa = PBXBuildFile; fileRef = 94D8221D15DD4FEE0096CD02 /* applover-3.png */; };
		94D8225E15DD4FEE0096CD02 /* applover-3@2x.png in Resources */ = {isa = PBXBuildFile; fileRef = 94D8221E15DD4FEE0096CD02 /* applover-3@2x.png */; };
		94D8225F15DD4FEE0096CD02 /* applover-4.png in Resources */ = {isa = PBXBuildFile; fileRef = 94D8221F15DD4FEE0096CD02 /* applover-4.png */; };
		94D8226015DD4FEE0096CD02 /* applover-4@2x.png in Resources */ = {isa = PBXBuildFile; fileRef = 94D8222015DD4FEE0096CD02 /* applover-4@2x.png */; };
		94D8226115DD4FEE0096CD02 /* officialuser-1.png in Resources */ = {isa = PBXBuildFile; fileRef = 94D8222115DD4FEE0096CD02 /* officialuser-1.png */; };
		94D8226215DD4FEE0096CD02 /* officialuser-1@2x.png in Resources */ = {isa = PBXBuildFile; fileRef = 94D8222215DD4FEE0096CD02 /* officialuser-1@2x.png */; };
		94D8226315DD4FEE0096CD02 /* officialuser-2.png in Resources */ = {isa = PBXBuildFile; fileRef = 94D8222315DD4FEE0096CD02 /* officialuser-2.png */; };
		94D8226415DD4FEE0096CD02 /* officialuser-2@2x.png in Resources */ = {isa = PBXBuildFile; fileRef = 94D8222415DD4FEE0096CD02 /* officialuser-2@2x.png */; };
		94D8226515DD4FEE0096CD02 /* officialuser-3.png in Resources */ = {isa = PBXBuildFile; fileRef = 94D8222515DD4FEE0096CD02 /* officialuser-3.png */; };
		94D8226615DD4FEE0096CD02 /* officialuser-3@2x.png in Resources */ = {isa = PBXBuildFile; fileRef = 94D8222615DD4FEE0096CD02 /* officialuser-3@2x.png */; };
		94D8226715DD4FEE0096CD02 /* officialuser-4.png in Resources */ = {isa = PBXBuildFile; fileRef = 94D8222715DD4FEE0096CD02 /* officialuser-4.png */; };
		94D8226815DD4FEE0096CD02 /* officialuser-4@2x.png in Resources */ = {isa = PBXBuildFile; fileRef = 94D8222815DD4FEE0096CD02 /* officialuser-4@2x.png */; };
		94D8226915DD4FEE0096CD02 /* playitsafe-1.png in Resources */ = {isa = PBXBuildFile; fileRef = 94D8222915DD4FEE0096CD02 /* playitsafe-1.png */; };
		94D8226A15DD4FEE0096CD02 /* playitsafe-1@2x.png in Resources */ = {isa = PBXBuildFile; fileRef = 94D8222A15DD4FEE0096CD02 /* playitsafe-1@2x.png */; };
		94D8226B15DD4FEE0096CD02 /* playitsafe-2.png in Resources */ = {isa = PBXBuildFile; fileRef = 94D8222B15DD4FEE0096CD02 /* playitsafe-2.png */; };
		94D8226C15DD4FEE0096CD02 /* playitsafe-2@2x.png in Resources */ = {isa = PBXBuildFile; fileRef = 94D8222C15DD4FEE0096CD02 /* playitsafe-2@2x.png */; };
		94D8226D15DD4FEE0096CD02 /* playitsafe-3.png in Resources */ = {isa = PBXBuildFile; fileRef = 94D8222D15DD4FEE0096CD02 /* playitsafe-3.png */; };
		94D8226E15DD4FEE0096CD02 /* playitsafe-3@2x.png in Resources */ = {isa = PBXBuildFile; fileRef = 94D8222E15DD4FEE0096CD02 /* playitsafe-3@2x.png */; };
		94D8226F15DD4FEE0096CD02 /* playitsafe-4.png in Resources */ = {isa = PBXBuildFile; fileRef = 94D8222F15DD4FEE0096CD02 /* playitsafe-4.png */; };
		94D8227015DD4FEE0096CD02 /* playitsafe-4@2x.png in Resources */ = {isa = PBXBuildFile; fileRef = 94D8223015DD4FEE0096CD02 /* playitsafe-4@2x.png */; };
		94D8227115DD4FEE0096CD02 /* reporter-1.png in Resources */ = {isa = PBXBuildFile; fileRef = 94D8223115DD4FEE0096CD02 /* reporter-1.png */; };
		94D8227215DD4FEE0096CD02 /* reporter-1@2x.png in Resources */ = {isa = PBXBuildFile; fileRef = 94D8223215DD4FEE0096CD02 /* reporter-1@2x.png */; };
		94D8227315DD4FEE0096CD02 /* reporter-2.png in Resources */ = {isa = PBXBuildFile; fileRef = 94D8223315DD4FEE0096CD02 /* reporter-2.png */; };
		94D8227415DD4FEE0096CD02 /* reporter-2@2x.png in Resources */ = {isa = PBXBuildFile; fileRef = 94D8223415DD4FEE0096CD02 /* reporter-2@2x.png */; };
		94D8227515DD4FEE0096CD02 /* reporter-3.png in Resources */ = {isa = PBXBuildFile; fileRef = 94D8223515DD4FEE0096CD02 /* reporter-3.png */; };
		94D8227615DD4FEE0096CD02 /* reporter-3@2x.png in Resources */ = {isa = PBXBuildFile; fileRef = 94D8223615DD4FEE0096CD02 /* reporter-3@2x.png */; };
		94D8227715DD4FEE0096CD02 /* reporter-4.png in Resources */ = {isa = PBXBuildFile; fileRef = 94D8223715DD4FEE0096CD02 /* reporter-4.png */; };
		94D8227815DD4FEE0096CD02 /* reporter-4@2x.png in Resources */ = {isa = PBXBuildFile; fileRef = 94D8223815DD4FEE0096CD02 /* reporter-4@2x.png */; };
		94D8227915DD4FEE0096CD02 /* scanmaster-1.png in Resources */ = {isa = PBXBuildFile; fileRef = 94D8223915DD4FEE0096CD02 /* scanmaster-1.png */; };
		94D8227A15DD4FEE0096CD02 /* scanmaster-1@2x.png in Resources */ = {isa = PBXBuildFile; fileRef = 94D8223A15DD4FEE0096CD02 /* scanmaster-1@2x.png */; };
		94D8227B15DD4FEE0096CD02 /* scanmaster-2.png in Resources */ = {isa = PBXBuildFile; fileRef = 94D8223B15DD4FEE0096CD02 /* scanmaster-2.png */; };
		94D8227C15DD4FEE0096CD02 /* scanmaster-2@2x.png in Resources */ = {isa = PBXBuildFile; fileRef = 94D8223C15DD4FEE0096CD02 /* scanmaster-2@2x.png */; };
		94D8227D15DD4FEE0096CD02 /* scanmaster-3.png in Resources */ = {isa = PBXBuildFile; fileRef = 94D8223D15DD4FEE0096CD02 /* scanmaster-3.png */; };
		94D8227E15DD4FEE0096CD02 /* scanmaster-3@2x.png in Resources */ = {isa = PBXBuildFile; fileRef = 94D8223E15DD4FEE0096CD02 /* scanmaster-3@2x.png */; };
		94D8227F15DD4FEE0096CD02 /* scanmaster-4.png in Resources */ = {isa = PBXBuildFile; fileRef = 94D8223F15DD4FEE0096CD02 /* scanmaster-4.png */; };
		94D8228015DD4FEE0096CD02 /* scanmaster-4@2x.png in Resources */ = {isa = PBXBuildFile; fileRef = 94D8224015DD4FEE0096CD02 /* scanmaster-4@2x.png */; };
		94D8228115DD4FEE0096CD02 /* socialite-1.png in Resources */ = {isa = PBXBuildFile; fileRef = 94D8224115DD4FEE0096CD02 /* socialite-1.png */; };
		94D8228215DD4FEE0096CD02 /* socialite-1@2x.png in Resources */ = {isa = PBXBuildFile; fileRef = 94D8224215DD4FEE0096CD02 /* socialite-1@2x.png */; };
		94D8228315DD4FEE0096CD02 /* socialite-2.png in Resources */ = {isa = PBXBuildFile; fileRef = 94D8224315DD4FEE0096CD02 /* socialite-2.png */; };
		94D8228415DD4FEE0096CD02 /* socialite-2@2x.png in Resources */ = {isa = PBXBuildFile; fileRef = 94D8224415DD4FEE0096CD02 /* socialite-2@2x.png */; };
		94D8228515DD4FEE0096CD02 /* socialite-3.png in Resources */ = {isa = PBXBuildFile; fileRef = 94D8224515DD4FEE0096CD02 /* socialite-3.png */; };
		94D8228615DD4FEE0096CD02 /* socialite-3@2x.png in Resources */ = {isa = PBXBuildFile; fileRef = 94D8224615DD4FEE0096CD02 /* socialite-3@2x.png */; };
		94D8228715DD4FEE0096CD02 /* socialite-4.png in Resources */ = {isa = PBXBuildFile; fileRef = 94D8224715DD4FEE0096CD02 /* socialite-4.png */; };
		94D8228815DD4FEE0096CD02 /* socialite-4@2x.png in Resources */ = {isa = PBXBuildFile; fileRef = 94D8224815DD4FEE0096CD02 /* socialite-4@2x.png */; };
		94D8228B15DD52230096CD02 /* BCBadgeDefinitions.plist in Resources */ = {isa = PBXBuildFile; fileRef = 94D8228A15DD52230096CD02 /* BCBadgeDefinitions.plist */; };
		94D822AD15DD5E780096CD02 /* Twitter.framework in Frameworks */ = {isa = PBXBuildFile; fileRef = 94D822AC15DD5E780096CD02 /* Twitter.framework */; };
		94D822F615DD66AF0096CD02 /* BCDemoViewController.xib in Resources */ = {isa = PBXBuildFile; fileRef = 94D822F515DD66AF0096CD02 /* BCDemoViewController.xib */; };
/* End PBXBuildFile section */

/* Begin PBXContainerItemProxy section */
		94D8216215DD4F300096CD02 /* PBXContainerItemProxy */ = {
			isa = PBXContainerItemProxy;
			containerPortal = 94D8213015DD4F300096CD02 /* Project object */;
			proxyType = 1;
			remoteGlobalIDString = 94D8213815DD4F300096CD02;
			remoteInfo = BadgeCenterDemo;
		};
/* End PBXContainerItemProxy section */

/* Begin PBXFileReference section */
		9483D96515EBFFA700CAD7E8 /* libBadgeKit.a */ = {isa = PBXFileReference; lastKnownFileType = archive.ar; name = libBadgeKit.a; path = "../BadgeKit/build/Release-iphoneos/libBadgeKit.a"; sourceTree = SOURCE_ROOT; };
		9483D96915EC19BE00CAD7E8 /* BCBadgeView.xib */ = {isa = PBXFileReference; fileEncoding = 4; lastKnownFileType = file.xib; name = BCBadgeView.xib; path = ../BadgeKit/BCBadgeView.xib; sourceTree = SOURCE_ROOT; };
		94D8213915DD4F300096CD02 /* BadgeCenterDemo.app */ = {isa = PBXFileReference; explicitFileType = wrapper.application; includeInIndex = 0; path = BadgeCenterDemo.app; sourceTree = BUILT_PRODUCTS_DIR; };
		94D8213D15DD4F300096CD02 /* UIKit.framework */ = {isa = PBXFileReference; lastKnownFileType = wrapper.framework; name = UIKit.framework; path = System/Library/Frameworks/UIKit.framework; sourceTree = SDKROOT; };
		94D8213F15DD4F300096CD02 /* Foundation.framework */ = {isa = PBXFileReference; lastKnownFileType = wrapper.framework; name = Foundation.framework; path = System/Library/Frameworks/Foundation.framework; sourceTree = SDKROOT; };
		94D8214115DD4F300096CD02 /* CoreGraphics.framework */ = {isa = PBXFileReference; lastKnownFileType = wrapper.framework; name = CoreGraphics.framework; path = System/Library/Frameworks/CoreGraphics.framework; sourceTree = SDKROOT; };
		94D8214515DD4F300096CD02 /* BadgeCenterDemo-Info.plist */ = {isa = PBXFileReference; lastKnownFileType = text.plist.xml; path = "BadgeCenterDemo-Info.plist"; sourceTree = "<group>"; };
		94D8214715DD4F300096CD02 /* en */ = {isa = PBXFileReference; lastKnownFileType = text.plist.strings; name = en; path = en.lproj/InfoPlist.strings; sourceTree = "<group>"; };
		94D8214915DD4F300096CD02 /* main.m */ = {isa = PBXFileReference; lastKnownFileType = sourcecode.c.objc; path = main.m; sourceTree = "<group>"; };
		94D8214B15DD4F300096CD02 /* BadgeCenterDemo-Prefix.pch */ = {isa = PBXFileReference; lastKnownFileType = sourcecode.c.h; path = "BadgeCenterDemo-Prefix.pch"; sourceTree = "<group>"; };
		94D8214C15DD4F300096CD02 /* BCDemoAppDelegate.h */ = {isa = PBXFileReference; lastKnownFileType = sourcecode.c.h; path = BCDemoAppDelegate.h; sourceTree = "<group>"; };
		94D8214D15DD4F300096CD02 /* BCDemoAppDelegate.m */ = {isa = PBXFileReference; lastKnownFileType = sourcecode.c.objc; path = BCDemoAppDelegate.m; sourceTree = "<group>"; };
		94D8215515DD4F300096CD02 /* BCDemoViewController.h */ = {isa = PBXFileReference; lastKnownFileType = sourcecode.c.h; path = BCDemoViewController.h; sourceTree = "<group>"; };
		94D8215615DD4F300096CD02 /* BCDemoViewController.m */ = {isa = PBXFileReference; lastKnownFileType = sourcecode.c.objc; path = BCDemoViewController.m; sourceTree = "<group>"; };
		94D8215D15DD4F300096CD02 /* BadgeCenterDemoTests.octest */ = {isa = PBXFileReference; explicitFileType = wrapper.cfbundle; includeInIndex = 0; path = BadgeCenterDemoTests.octest; sourceTree = BUILT_PRODUCTS_DIR; };
		94D8215E15DD4F300096CD02 /* SenTestingKit.framework */ = {isa = PBXFileReference; lastKnownFileType = wrapper.framework; name = SenTestingKit.framework; path = Library/Frameworks/SenTestingKit.framework; sourceTree = DEVELOPER_DIR; };
		94D8216615DD4F300096CD02 /* BadgeCenterDemoTests-Info.plist */ = {isa = PBXFileReference; lastKnownFileType = text.plist.xml; path = "BadgeCenterDemoTests-Info.plist"; sourceTree = "<group>"; };
		94D8216815DD4F300096CD02 /* en */ = {isa = PBXFileReference; lastKnownFileType = text.plist.strings; name = en; path = en.lproj/InfoPlist.strings; sourceTree = "<group>"; };
		94D8216A15DD4F300096CD02 /* BadgeCenterDemoTests.h */ = {isa = PBXFileReference; lastKnownFileType = sourcecode.c.h; path = BadgeCenterDemoTests.h; sourceTree = "<group>"; };
		94D8216B15DD4F300096CD02 /* BadgeCenterDemoTests.m */ = {isa = PBXFileReference; lastKnownFileType = sourcecode.c.objc; path = BadgeCenterDemoTests.m; sourceTree = "<group>"; };
		94D8220815DD4FEE0096CD02 /* carbon-1.jpg */ = {isa = PBXFileReference; lastKnownFileType = image.jpeg; path = "carbon-1.jpg"; sourceTree = "<group>"; };
		94D8220915DD4FEE0096CD02 /* leather-1.jpg */ = {isa = PBXFileReference; lastKnownFileType = image.jpeg; path = "leather-1.jpg"; sourceTree = "<group>"; };
		94D8220A15DD4FEE0096CD02 /* leather-2.jpg */ = {isa = PBXFileReference; lastKnownFileType = image.jpeg; path = "leather-2.jpg"; sourceTree = "<group>"; };
		94D8220B15DD4FEE0096CD02 /* linen-1.jpg */ = {isa = PBXFileReference; lastKnownFileType = image.jpeg; path = "linen-1.jpg"; sourceTree = "<group>"; };
		94D8220C15DD4FEE0096CD02 /* linen-2.jpg */ = {isa = PBXFileReference; lastKnownFileType = image.jpeg; path = "linen-2.jpg"; sourceTree = "<group>"; };
		94D8220D15DD4FEE0096CD02 /* metal-1.jpg */ = {isa = PBXFileReference; lastKnownFileType = image.jpeg; path = "metal-1.jpg"; sourceTree = "<group>"; };
		94D8220E15DD4FEE0096CD02 /* metal-2.jpg */ = {isa = PBXFileReference; lastKnownFileType = image.jpeg; path = "metal-2.jpg"; sourceTree = "<group>"; };
		94D8220F15DD4FEE0096CD02 /* metal-3.jpg */ = {isa = PBXFileReference; lastKnownFileType = image.jpeg; path = "metal-3.jpg"; sourceTree = "<group>"; };
		94D8221115DD4FEE0096CD02 /* 7daystretch-1.png */ = {isa = PBXFileReference; lastKnownFileType = image.png; path = "7daystretch-1.png"; sourceTree = "<group>"; };
		94D8221215DD4FEE0096CD02 /* 7daystretch-1@2x.png */ = {isa = PBXFileReference; lastKnownFileType = image.png; path = "7daystretch-1@2x.png"; sourceTree = "<group>"; };
		94D8221315DD4FEE0096CD02 /* 7daystretch-2.png */ = {isa = PBXFileReference; lastKnownFileType = image.png; path = "7daystretch-2.png"; sourceTree = "<group>"; };
		94D8221415DD4FEE0096CD02 /* 7daystretch-2@2x.png */ = {isa = PBXFileReference; lastKnownFileType = image.png; path = "7daystretch-2@2x.png"; sourceTree = "<group>"; };
		94D8221515DD4FEE0096CD02 /* 7daystretch-3.png */ = {isa = PBXFileReference; lastKnownFileType = image.png; path = "7daystretch-3.png"; sourceTree = "<group>"; };
		94D8221615DD4FEE0096CD02 /* 7daystretch-3@2x.png */ = {isa = PBXFileReference; lastKnownFileType = image.png; path = "7daystretch-3@2x.png"; sourceTree = "<group>"; };
		94D8221715DD4FEE0096CD02 /* 7daystretch-4.png */ = {isa = PBXFileReference; lastKnownFileType = image.png; path = "7daystretch-4.png"; sourceTree = "<group>"; };
		94D8221815DD4FEE0096CD02 /* 7daystretch-4@2x.png */ = {isa = PBXFileReference; lastKnownFileType = image.png; path = "7daystretch-4@2x.png"; sourceTree = "<group>"; };
		94D8221915DD4FEE0096CD02 /* applover-1.png */ = {isa = PBXFileReference; lastKnownFileType = image.png; path = "applover-1.png"; sourceTree = "<group>"; };
		94D8221A15DD4FEE0096CD02 /* applover-1@2x.png */ = {isa = PBXFileReference; lastKnownFileType = image.png; path = "applover-1@2x.png"; sourceTree = "<group>"; };
		94D8221B15DD4FEE0096CD02 /* applover-2.png */ = {isa = PBXFileReference; lastKnownFileType = image.png; path = "applover-2.png"; sourceTree = "<group>"; };
		94D8221C15DD4FEE0096CD02 /* applover-2@2x.png */ = {isa = PBXFileReference; lastKnownFileType = image.png; path = "applover-2@2x.png"; sourceTree = "<group>"; };
		94D8221D15DD4FEE0096CD02 /* applover-3.png */ = {isa = PBXFileReference; lastKnownFileType = image.png; path = "applover-3.png"; sourceTree = "<group>"; };
		94D8221E15DD4FEE0096CD02 /* applover-3@2x.png */ = {isa = PBXFileReference; lastKnownFileType = image.png; path = "applover-3@2x.png"; sourceTree = "<group>"; };
		94D8221F15DD4FEE0096CD02 /* applover-4.png */ = {isa = PBXFileReference; lastKnownFileType = image.png; path = "applover-4.png"; sourceTree = "<group>"; };
		94D8222015DD4FEE0096CD02 /* applover-4@2x.png */ = {isa = PBXFileReference; lastKnownFileType = image.png; path = "applover-4@2x.png"; sourceTree = "<group>"; };
		94D8222115DD4FEE0096CD02 /* officialuser-1.png */ = {isa = PBXFileReference; lastKnownFileType = image.png; path = "officialuser-1.png"; sourceTree = "<group>"; };
		94D8222215DD4FEE0096CD02 /* officialuser-1@2x.png */ = {isa = PBXFileReference; lastKnownFileType = image.png; path = "officialuser-1@2x.png"; sourceTree = "<group>"; };
		94D8222315DD4FEE0096CD02 /* officialuser-2.png */ = {isa = PBXFileReference; lastKnownFileType = image.png; path = "officialuser-2.png"; sourceTree = "<group>"; };
		94D8222415DD4FEE0096CD02 /* officialuser-2@2x.png */ = {isa = PBXFileReference; lastKnownFileType = image.png; path = "officialuser-2@2x.png"; sourceTree = "<group>"; };
		94D8222515DD4FEE0096CD02 /* officialuser-3.png */ = {isa = PBXFileReference; lastKnownFileType = image.png; path = "officialuser-3.png"; sourceTree = "<group>"; };
		94D8222615DD4FEE0096CD02 /* officialuser-3@2x.png */ = {isa = PBXFileReference; lastKnownFileType = image.png; path = "officialuser-3@2x.png"; sourceTree = "<group>"; };
		94D8222715DD4FEE0096CD02 /* officialuser-4.png */ = {isa = PBXFileReference; lastKnownFileType = image.png; path = "officialuser-4.png"; sourceTree = "<group>"; };
		94D8222815DD4FEE0096CD02 /* officialuser-4@2x.png */ = {isa = PBXFileReference; lastKnownFileType = image.png; path = "officialuser-4@2x.png"; sourceTree = "<group>"; };
		94D8222915DD4FEE0096CD02 /* playitsafe-1.png */ = {isa = PBXFileReference; lastKnownFileType = image.png; path = "playitsafe-1.png"; sourceTree = "<group>"; };
		94D8222A15DD4FEE0096CD02 /* playitsafe-1@2x.png */ = {isa = PBXFileReference; lastKnownFileType = image.png; path = "playitsafe-1@2x.png"; sourceTree = "<group>"; };
		94D8222B15DD4FEE0096CD02 /* playitsafe-2.png */ = {isa = PBXFileReference; lastKnownFileType = image.png; path = "playitsafe-2.png"; sourceTree = "<group>"; };
		94D8222C15DD4FEE0096CD02 /* playitsafe-2@2x.png */ = {isa = PBXFileReference; lastKnownFileType = image.png; path = "playitsafe-2@2x.png"; sourceTree = "<group>"; };
		94D8222D15DD4FEE0096CD02 /* playitsafe-3.png */ = {isa = PBXFileReference; lastKnownFileType = image.png; path = "playitsafe-3.png"; sourceTree = "<group>"; };
		94D8222E15DD4FEE0096CD02 /* playitsafe-3@2x.png */ = {isa = PBXFileReference; lastKnownFileType = image.png; path = "playitsafe-3@2x.png"; sourceTree = "<group>"; };
		94D8222F15DD4FEE0096CD02 /* playitsafe-4.png */ = {isa = PBXFileReference; lastKnownFileType = image.png; path = "playitsafe-4.png"; sourceTree = "<group>"; };
		94D8223015DD4FEE0096CD02 /* playitsafe-4@2x.png */ = {isa = PBXFileReference; lastKnownFileType = image.png; path = "playitsafe-4@2x.png"; sourceTree = "<group>"; };
		94D8223115DD4FEE0096CD02 /* reporter-1.png */ = {isa = PBXFileReference; lastKnownFileType = image.png; path = "reporter-1.png"; sourceTree = "<group>"; };
		94D8223215DD4FEE0096CD02 /* reporter-1@2x.png */ = {isa = PBXFileReference; lastKnownFileType = image.png; path = "reporter-1@2x.png"; sourceTree = "<group>"; };
		94D8223315DD4FEE0096CD02 /* reporter-2.png */ = {isa = PBXFileReference; lastKnownFileType = image.png; path = "reporter-2.png"; sourceTree = "<group>"; };
		94D8223415DD4FEE0096CD02 /* reporter-2@2x.png */ = {isa = PBXFileReference; lastKnownFileType = image.png; path = "reporter-2@2x.png"; sourceTree = "<group>"; };
		94D8223515DD4FEE0096CD02 /* reporter-3.png */ = {isa = PBXFileReference; lastKnownFileType = image.png; path = "reporter-3.png"; sourceTree = "<group>"; };
		94D8223615DD4FEE0096CD02 /* reporter-3@2x.png */ = {isa = PBXFileReference; lastKnownFileType = image.png; path = "reporter-3@2x.png"; sourceTree = "<group>"; };
		94D8223715DD4FEE0096CD02 /* reporter-4.png */ = {isa = PBXFileReference; lastKnownFileType = image.png; path = "reporter-4.png"; sourceTree = "<group>"; };
		94D8223815DD4FEE0096CD02 /* reporter-4@2x.png */ = {isa = PBXFileReference; lastKnownFileType = image.png; path = "reporter-4@2x.png"; sourceTree = "<group>"; };
		94D8223915DD4FEE0096CD02 /* scanmaster-1.png */ = {isa = PBXFileReference; lastKnownFileType = image.png; path = "scanmaster-1.png"; sourceTree = "<group>"; };
		94D8223A15DD4FEE0096CD02 /* scanmaster-1@2x.png */ = {isa = PBXFileReference; lastKnownFileType = image.png; path = "scanmaster-1@2x.png"; sourceTree = "<group>"; };
		94D8223B15DD4FEE0096CD02 /* scanmaster-2.png */ = {isa = PBXFileReference; lastKnownFileType = image.png; path = "scanmaster-2.png"; sourceTree = "<group>"; };
		94D8223C15DD4FEE0096CD02 /* scanmaster-2@2x.png */ = {isa = PBXFileReference; lastKnownFileType = image.png; path = "scanmaster-2@2x.png"; sourceTree = "<group>"; };
		94D8223D15DD4FEE0096CD02 /* scanmaster-3.png */ = {isa = PBXFileReference; lastKnownFileType = image.png; path = "scanmaster-3.png"; sourceTree = "<group>"; };
		94D8223E15DD4FEE0096CD02 /* scanmaster-3@2x.png */ = {isa = PBXFileReference; lastKnownFileType = image.png; path = "scanmaster-3@2x.png"; sourceTree = "<group>"; };
		94D8223F15DD4FEE0096CD02 /* scanmaster-4.png */ = {isa = PBXFileReference; lastKnownFileType = image.png; path = "scanmaster-4.png"; sourceTree = "<group>"; };
		94D8224015DD4FEE0096CD02 /* scanmaster-4@2x.png */ = {isa = PBXFileReference; lastKnownFileType = image.png; path = "scanmaster-4@2x.png"; sourceTree = "<group>"; };
		94D8224115DD4FEE0096CD02 /* socialite-1.png */ = {isa = PBXFileReference; lastKnownFileType = image.png; path = "socialite-1.png"; sourceTree = "<group>"; };
		94D8224215DD4FEE0096CD02 /* socialite-1@2x.png */ = {isa = PBXFileReference; lastKnownFileType = image.png; path = "socialite-1@2x.png"; sourceTree = "<group>"; };
		94D8224315DD4FEE0096CD02 /* socialite-2.png */ = {isa = PBXFileReference; lastKnownFileType = image.png; path = "socialite-2.png"; sourceTree = "<group>"; };
		94D8224415DD4FEE0096CD02 /* socialite-2@2x.png */ = {isa = PBXFileReference; lastKnownFileType = image.png; path = "socialite-2@2x.png"; sourceTree = "<group>"; };
		94D8224515DD4FEE0096CD02 /* socialite-3.png */ = {isa = PBXFileReference; lastKnownFileType = image.png; path = "socialite-3.png"; sourceTree = "<group>"; };
		94D8224615DD4FEE0096CD02 /* socialite-3@2x.png */ = {isa = PBXFileReference; lastKnownFileType = image.png; path = "socialite-3@2x.png"; sourceTree = "<group>"; };
		94D8224715DD4FEE0096CD02 /* socialite-4.png */ = {isa = PBXFileReference; lastKnownFileType = image.png; path = "socialite-4.png"; sourceTree = "<group>"; };
		94D8224815DD4FEE0096CD02 /* socialite-4@2x.png */ = {isa = PBXFileReference; lastKnownFileType = image.png; path = "socialite-4@2x.png"; sourceTree = "<group>"; };
		94D8228A15DD52230096CD02 /* BCBadgeDefinitions.plist */ = {isa = PBXFileReference; fileEncoding = 4; lastKnownFileType = text.plist.xml; path = BCBadgeDefinitions.plist; sourceTree = "<group>"; };
		94D822AC15DD5E780096CD02 /* Twitter.framework */ = {isa = PBXFileReference; lastKnownFileType = wrapper.framework; name = Twitter.framework; path = System/Library/Frameworks/Twitter.framework; sourceTree = SDKROOT; };
		94D822F515DD66AF0096CD02 /* BCDemoViewController.xib */ = {isa = PBXFileReference; fileEncoding = 4; lastKnownFileType = file.xib; path = BCDemoViewController.xib; sourceTree = "<group>"; };
/* End PBXFileReference section */

/* Begin PBXFrameworksBuildPhase section */
		94D8213615DD4F300096CD02 /* Frameworks */ = {
			isa = PBXFrameworksBuildPhase;
			buildActionMask = 2147483647;
			files = (
				9483D96615EBFFA700CAD7E8 /* libBadgeKit.a in Frameworks */,
				94D822AD15DD5E780096CD02 /* Twitter.framework in Frameworks */,
				94D8213E15DD4F300096CD02 /* UIKit.framework in Frameworks */,
				94D8214015DD4F300096CD02 /* Foundation.framework in Frameworks */,
				94D8214215DD4F300096CD02 /* CoreGraphics.framework in Frameworks */,
			);
			runOnlyForDeploymentPostprocessing = 0;
		};
		94D8215915DD4F300096CD02 /* Frameworks */ = {
			isa = PBXFrameworksBuildPhase;
			buildActionMask = 2147483647;
			files = (
				94D8215F15DD4F300096CD02 /* SenTestingKit.framework in Frameworks */,
				94D8216015DD4F300096CD02 /* UIKit.framework in Frameworks */,
				94D8216115DD4F300096CD02 /* Foundation.framework in Frameworks */,
			);
			runOnlyForDeploymentPostprocessing = 0;
		};
/* End PBXFrameworksBuildPhase section */

/* Begin PBXGroup section */
		94D8212E15DD4F300096CD02 = {
			isa = PBXGroup;
			children = (
				9483D96515EBFFA700CAD7E8 /* libBadgeKit.a */,
				9483D96915EC19BE00CAD7E8 /* BCBadgeView.xib */,
				94D8228915DD51EA0096CD02 /* badges */,
				94D8214315DD4F300096CD02 /* BadgeCenterDemo */,
				94D8216415DD4F300096CD02 /* BadgeCenterDemoTests */,
				94D8213C15DD4F300096CD02 /* Frameworks */,
				94D8213A15DD4F300096CD02 /* Products */,
			);
			sourceTree = "<group>";
		};
		94D8213A15DD4F300096CD02 /* Products */ = {
			isa = PBXGroup;
			children = (
				94D8213915DD4F300096CD02 /* BadgeCenterDemo.app */,
				94D8215D15DD4F300096CD02 /* BadgeCenterDemoTests.octest */,
			);
			name = Products;
			sourceTree = "<group>";
		};
		94D8213C15DD4F300096CD02 /* Frameworks */ = {
			isa = PBXGroup;
			children = (
				94D822AC15DD5E780096CD02 /* Twitter.framework */,
				94D8213D15DD4F300096CD02 /* UIKit.framework */,
				94D8213F15DD4F300096CD02 /* Foundation.framework */,
				94D8214115DD4F300096CD02 /* CoreGraphics.framework */,
				94D8215E15DD4F300096CD02 /* SenTestingKit.framework */,
			);
			name = Frameworks;
			sourceTree = "<group>";
		};
		94D8214315DD4F300096CD02 /* BadgeCenterDemo */ = {
			isa = PBXGroup;
			children = (
				94D8214C15DD4F300096CD02 /* BCDemoAppDelegate.h */,
				94D8214D15DD4F300096CD02 /* BCDemoAppDelegate.m */,
				94D8215515DD4F300096CD02 /* BCDemoViewController.h */,
				94D8215615DD4F300096CD02 /* BCDemoViewController.m */,
				94D8214415DD4F300096CD02 /* Supporting Files */,
				94D822F515DD66AF0096CD02 /* BCDemoViewController.xib */,
			);
			path = BadgeCenterDemo;
			sourceTree = "<group>";
		};
		94D8214415DD4F300096CD02 /* Supporting Files */ = {
			isa = PBXGroup;
			children = (
				94D8214515DD4F300096CD02 /* BadgeCenterDemo-Info.plist */,
				94D8214615DD4F300096CD02 /* InfoPlist.strings */,
				94D8214915DD4F300096CD02 /* main.m */,
				94D8214B15DD4F300096CD02 /* BadgeCenterDemo-Prefix.pch */,
			);
			name = "Supporting Files";
			sourceTree = "<group>";
		};
		94D8216415DD4F300096CD02 /* BadgeCenterDemoTests */ = {
			isa = PBXGroup;
			children = (
				94D8216A15DD4F300096CD02 /* BadgeCenterDemoTests.h */,
				94D8216B15DD4F300096CD02 /* BadgeCenterDemoTests.m */,
				94D8216515DD4F300096CD02 /* Supporting Files */,
			);
			path = BadgeCenterDemoTests;
			sourceTree = "<group>";
		};
		94D8216515DD4F300096CD02 /* Supporting Files */ = {
			isa = PBXGroup;
			children = (
				94D8216615DD4F300096CD02 /* BadgeCenterDemoTests-Info.plist */,
				94D8216715DD4F300096CD02 /* InfoPlist.strings */,
			);
			name = "Supporting Files";
			sourceTree = "<group>";
		};
		94D8220615DD4FEE0096CD02 /* graphics */ = {
			isa = PBXGroup;
			children = (
				94D8220715DD4FEE0096CD02 /* backgrounds */,
				94D8221015DD4FEE0096CD02 /* badges */,
			);
			path = graphics;
			sourceTree = "<group>";
		};
		94D8220715DD4FEE0096CD02 /* backgrounds */ = {
			isa = PBXGroup;
			children = (
				94D8220815DD4FEE0096CD02 /* carbon-1.jpg */,
				94D8220915DD4FEE0096CD02 /* leather-1.jpg */,
				94D8220A15DD4FEE0096CD02 /* leather-2.jpg */,
				94D8220B15DD4FEE0096CD02 /* linen-1.jpg */,
				94D8220C15DD4FEE0096CD02 /* linen-2.jpg */,
				94D8220D15DD4FEE0096CD02 /* metal-1.jpg */,
				94D8220E15DD4FEE0096CD02 /* metal-2.jpg */,
				94D8220F15DD4FEE0096CD02 /* metal-3.jpg */,
			);
			path = backgrounds;
			sourceTree = "<group>";
		};
		94D8221015DD4FEE0096CD02 /* badges */ = {
			isa = PBXGroup;
			children = (
				94D8221115DD4FEE0096CD02 /* 7daystretch-1.png */,
				94D8221215DD4FEE0096CD02 /* 7daystretch-1@2x.png */,
				94D8221315DD4FEE0096CD02 /* 7daystretch-2.png */,
				94D8221415DD4FEE0096CD02 /* 7daystretch-2@2x.png */,
				94D8221515DD4FEE0096CD02 /* 7daystretch-3.png */,
				94D8221615DD4FEE0096CD02 /* 7daystretch-3@2x.png */,
				94D8221715DD4FEE0096CD02 /* 7daystretch-4.png */,
				94D8221815DD4FEE0096CD02 /* 7daystretch-4@2x.png */,
				94D8221915DD4FEE0096CD02 /* applover-1.png */,
				94D8221A15DD4FEE0096CD02 /* applover-1@2x.png */,
				94D8221B15DD4FEE0096CD02 /* applover-2.png */,
				94D8221C15DD4FEE0096CD02 /* applover-2@2x.png */,
				94D8221D15DD4FEE0096CD02 /* applover-3.png */,
				94D8221E15DD4FEE0096CD02 /* applover-3@2x.png */,
				94D8221F15DD4FEE0096CD02 /* applover-4.png */,
				94D8222015DD4FEE0096CD02 /* applover-4@2x.png */,
				94D8222115DD4FEE0096CD02 /* officialuser-1.png */,
				94D8222215DD4FEE0096CD02 /* officialuser-1@2x.png */,
				94D8222315DD4FEE0096CD02 /* officialuser-2.png */,
				94D8222415DD4FEE0096CD02 /* officialuser-2@2x.png */,
				94D8222515DD4FEE0096CD02 /* officialuser-3.png */,
				94D8222615DD4FEE0096CD02 /* officialuser-3@2x.png */,
				94D8222715DD4FEE0096CD02 /* officialuser-4.png */,
				94D8222815DD4FEE0096CD02 /* officialuser-4@2x.png */,
				94D8222915DD4FEE0096CD02 /* playitsafe-1.png */,
				94D8222A15DD4FEE0096CD02 /* playitsafe-1@2x.png */,
				94D8222B15DD4FEE0096CD02 /* playitsafe-2.png */,
				94D8222C15DD4FEE0096CD02 /* playitsafe-2@2x.png */,
				94D8222D15DD4FEE0096CD02 /* playitsafe-3.png */,
				94D8222E15DD4FEE0096CD02 /* playitsafe-3@2x.png */,
				94D8222F15DD4FEE0096CD02 /* playitsafe-4.png */,
				94D8223015DD4FEE0096CD02 /* playitsafe-4@2x.png */,
				94D8223115DD4FEE0096CD02 /* reporter-1.png */,
				94D8223215DD4FEE0096CD02 /* reporter-1@2x.png */,
				94D8223315DD4FEE0096CD02 /* reporter-2.png */,
				94D8223415DD4FEE0096CD02 /* reporter-2@2x.png */,
				94D8223515DD4FEE0096CD02 /* reporter-3.png */,
				94D8223615DD4FEE0096CD02 /* reporter-3@2x.png */,
				94D8223715DD4FEE0096CD02 /* reporter-4.png */,
				94D8223815DD4FEE0096CD02 /* reporter-4@2x.png */,
				94D8223915DD4FEE0096CD02 /* scanmaster-1.png */,
				94D8223A15DD4FEE0096CD02 /* scanmaster-1@2x.png */,
				94D8223B15DD4FEE0096CD02 /* scanmaster-2.png */,
				94D8223C15DD4FEE0096CD02 /* scanmaster-2@2x.png */,
				94D8223D15DD4FEE0096CD02 /* scanmaster-3.png */,
				94D8223E15DD4FEE0096CD02 /* scanmaster-3@2x.png */,
				94D8223F15DD4FEE0096CD02 /* scanmaster-4.png */,
				94D8224015DD4FEE0096CD02 /* scanmaster-4@2x.png */,
				94D8224115DD4FEE0096CD02 /* socialite-1.png */,
				94D8224215DD4FEE0096CD02 /* socialite-1@2x.png */,
				94D8224315DD4FEE0096CD02 /* socialite-2.png */,
				94D8224415DD4FEE0096CD02 /* socialite-2@2x.png */,
				94D8224515DD4FEE0096CD02 /* socialite-3.png */,
				94D8224615DD4FEE0096CD02 /* socialite-3@2x.png */,
				94D8224715DD4FEE0096CD02 /* socialite-4.png */,
				94D8224815DD4FEE0096CD02 /* socialite-4@2x.png */,
			);
			path = badges;
			sourceTree = "<group>";
		};
		94D8228915DD51EA0096CD02 /* badges */ = {
			isa = PBXGroup;
			children = (
				94D8220615DD4FEE0096CD02 /* graphics */,
				94D8228A15DD52230096CD02 /* BCBadgeDefinitions.plist */,
			);
			name = badges;
			sourceTree = "<group>";
		};
/* End PBXGroup section */

/* Begin PBXNativeTarget section */
		94D8213815DD4F300096CD02 /* BadgeCenterDemo */ = {
			isa = PBXNativeTarget;
			buildConfigurationList = 94D8216F15DD4F300096CD02 /* Build configuration list for PBXNativeTarget "BadgeCenterDemo" */;
			buildPhases = (
				94D8213515DD4F300096CD02 /* Sources */,
				94D8213615DD4F300096CD02 /* Frameworks */,
				94D8213715DD4F300096CD02 /* Resources */,
			);
			buildRules = (
			);
			dependencies = (
			);
			name = BadgeCenterDemo;
			productName = BadgeCenterDemo;
			productReference = 94D8213915DD4F300096CD02 /* BadgeCenterDemo.app */;
			productType = "com.apple.product-type.application";
		};
		94D8215C15DD4F300096CD02 /* BadgeCenterDemoTests */ = {
			isa = PBXNativeTarget;
			buildConfigurationList = 94D8217215DD4F300096CD02 /* Build configuration list for PBXNativeTarget "BadgeCenterDemoTests" */;
			buildPhases = (
				94D8215815DD4F300096CD02 /* Sources */,
				94D8215915DD4F300096CD02 /* Frameworks */,
				94D8215A15DD4F300096CD02 /* Resources */,
				94D8215B15DD4F300096CD02 /* ShellScript */,
			);
			buildRules = (
			);
			dependencies = (
				94D8216315DD4F300096CD02 /* PBXTargetDependency */,
			);
			name = BadgeCenterDemoTests;
			productName = BadgeCenterDemoTests;
			productReference = 94D8215D15DD4F300096CD02 /* BadgeCenterDemoTests.octest */;
			productType = "com.apple.product-type.bundle";
		};
/* End PBXNativeTarget section */

/* Begin PBXProject section */
		94D8213015DD4F300096CD02 /* Project object */ = {
			isa = PBXProject;
			attributes = {
				CLASSPREFIX = "B\bCDemo";
				LastUpgradeCheck = 0440;
				ORGANIZATIONNAME = Ringful;
			};
			buildConfigurationList = 94D8213315DD4F300096CD02 /* Build configuration list for PBXProject "BadgeCenterDemo" */;
			compatibilityVersion = "Xcode 3.2";
			developmentRegion = English;
			hasScannedForEncodings = 0;
			knownRegions = (
				en,
			);
			mainGroup = 94D8212E15DD4F300096CD02;
			productRefGroup = 94D8213A15DD4F300096CD02 /* Products */;
			projectDirPath = "";
			projectRoot = "";
			targets = (
				94D8213815DD4F300096CD02 /* BadgeCenterDemo */,
				94D8215C15DD4F300096CD02 /* BadgeCenterDemoTests */,
			);
		};
/* End PBXProject section */

/* Begin PBXResourcesBuildPhase section */
		94D8213715DD4F300096CD02 /* Resources */ = {
			isa = PBXResourcesBuildPhase;
			buildActionMask = 2147483647;
			files = (
				94D8214815DD4F300096CD02 /* InfoPlist.strings in Resources */,
				94D8224915DD4FEE0096CD02 /* carbon-1.jpg in Resources */,
				94D8224A15DD4FEE0096CD02 /* leather-1.jpg in Resources */,
				94D8224B15DD4FEE0096CD02 /* leather-2.jpg in Resources */,
				94D8224C15DD4FEE0096CD02 /* linen-1.jpg in Resources */,
				94D8224D15DD4FEE0096CD02 /* linen-2.jpg in Resources */,
				94D8224E15DD4FEE0096CD02 /* metal-1.jpg in Resources */,
				94D8224F15DD4FEE0096CD02 /* metal-2.jpg in Resources */,
				94D8225015DD4FEE0096CD02 /* metal-3.jpg in Resources */,
				94D8225115DD4FEE0096CD02 /* 7daystretch-1.png in Resources */,
				94D8225215DD4FEE0096CD02 /* 7daystretch-1@2x.png in Resources */,
				94D8225315DD4FEE0096CD02 /* 7daystretch-2.png in Resources */,
				94D8225415DD4FEE0096CD02 /* 7daystretch-2@2x.png in Resources */,
				94D8225515DD4FEE0096CD02 /* 7daystretch-3.png in Resources */,
				94D8225615DD4FEE0096CD02 /* 7daystretch-3@2x.png in Resources */,
				94D8225715DD4FEE0096CD02 /* 7daystretch-4.png in Resources */,
				94D8225815DD4FEE0096CD02 /* 7daystretch-4@2x.png in Resources */,
				94D8225915DD4FEE0096CD02 /* applover-1.png in Resources */,
				94D8225A15DD4FEE0096CD02 /* applover-1@2x.png in Resources */,
				94D8225B15DD4FEE0096CD02 /* applover-2.png in Resources */,
				94D8225C15DD4FEE0096CD02 /* applover-2@2x.png in Resources */,
				94D8225D15DD4FEE0096CD02 /* applover-3.png in Resources */,
				94D8225E15DD4FEE0096CD02 /* applover-3@2x.png in Resources */,
				94D8225F15DD4FEE0096CD02 /* applover-4.png in Resources */,
				94D8226015DD4FEE0096CD02 /* applover-4@2x.png in Resources */,
				94D8226115DD4FEE0096CD02 /* officialuser-1.png in Resources */,
				94D8226215DD4FEE0096CD02 /* officialuser-1@2x.png in Resources */,
				94D8226315DD4FEE0096CD02 /* officialuser-2.png in Resources */,
				94D8226415DD4FEE0096CD02 /* officialuser-2@2x.png in Resources */,
				94D8226515DD4FEE0096CD02 /* officialuser-3.png in Resources */,
				94D8226615DD4FEE0096CD02 /* officialuser-3@2x.png in Resources */,
				94D8226715DD4FEE0096CD02 /* officialuser-4.png in Resources */,
				94D8226815DD4FEE0096CD02 /* officialuser-4@2x.png in Resources */,
				94D8226915DD4FEE0096CD02 /* playitsafe-1.png in Resources */,
				94D8226A15DD4FEE0096CD02 /* playitsafe-1@2x.png in Resources */,
				94D8226B15DD4FEE0096CD02 /* playitsafe-2.png in Resources */,
				94D8226C15DD4FEE0096CD02 /* playitsafe-2@2x.png in Resources */,
				94D8226D15DD4FEE0096CD02 /* playitsafe-3.png in Resources */,
				94D8226E15DD4FEE0096CD02 /* playitsafe-3@2x.png in Resources */,
				94D8226F15DD4FEE0096CD02 /* playitsafe-4.png in Resources */,
				94D8227015DD4FEE0096CD02 /* playitsafe-4@2x.png in Resources */,
				94D8227115DD4FEE0096CD02 /* reporter-1.png in Resources */,
				94D8227215DD4FEE0096CD02 /* reporter-1@2x.png in Resources */,
				94D8227315DD4FEE0096CD02 /* reporter-2.png in Resources */,
				94D8227415DD4FEE0096CD02 /* reporter-2@2x.png in Resources */,
				94D8227515DD4FEE0096CD02 /* reporter-3.png in Resources */,
				94D8227615DD4FEE0096CD02 /* reporter-3@2x.png in Resources */,
				94D8227715DD4FEE0096CD02 /* reporter-4.png in Resources */,
				94D8227815DD4FEE0096CD02 /* reporter-4@2x.png in Resources */,
				94D8227915DD4FEE0096CD02 /* scanmaster-1.png in Resources */,
				94D8227A15DD4FEE0096CD02 /* scanmaster-1@2x.png in Resources */,
				94D8227B15DD4FEE0096CD02 /* scanmaster-2.png in Resources */,
				94D8227C15DD4FEE0096CD02 /* scanmaster-2@2x.png in Resources */,
				94D8227D15DD4FEE0096CD02 /* scanmaster-3.png in Resources */,
				94D8227E15DD4FEE0096CD02 /* scanmaster-3@2x.png in Resources */,
				94D8227F15DD4FEE0096CD02 /* scanmaster-4.png in Resources */,
				94D8228015DD4FEE0096CD02 /* scanmaster-4@2x.png in Resources */,
				94D8228115DD4FEE0096CD02 /* socialite-1.png in Resources */,
				94D8228215DD4FEE0096CD02 /* socialite-1@2x.png in Resources */,
				94D8228315DD4FEE0096CD02 /* socialite-2.png in Resources */,
				94D8228415DD4FEE0096CD02 /* socialite-2@2x.png in Resources */,
				94D8228515DD4FEE0096CD02 /* socialite-3.png in Resources */,
				94D8228615DD4FEE0096CD02 /* socialite-3@2x.png in Resources */,
				94D8228715DD4FEE0096CD02 /* socialite-4.png in Resources */,
				94D8228815DD4FEE0096CD02 /* socialite-4@2x.png in Resources */,
				94D8228B15DD52230096CD02 /* BCBadgeDefinitions.plist in Resources */,
				94D822F615DD66AF0096CD02 /* BCDemoViewController.xib in Resources */,
				9483D96A15EC19BE00CAD7E8 /* BCBadgeView.xib in Resources */,
			);
			runOnlyForDeploymentPostprocessing = 0;
		};
		94D8215A15DD4F300096CD02 /* Resources */ = {
			isa = PBXResourcesBuildPhase;
			buildActionMask = 2147483647;
			files = (
				94D8216915DD4F300096CD02 /* InfoPlist.strings in Resources */,
			);
			runOnlyForDeploymentPostprocessing = 0;
		};
/* End PBXResourcesBuildPhase section */

/* Begin PBXShellScriptBuildPhase section */
		94D8215B15DD4F300096CD02 /* ShellScript */ = {
			isa = PBXShellScriptBuildPhase;
			buildActionMask = 2147483647;
			files = (
			);
			inputPaths = (
			);
			outputPaths = (
			);
			runOnlyForDeploymentPostprocessing = 0;
			shellPath = /bin/sh;
			shellScript = "# Run the unit tests in this test bundle.\n\"${SYSTEM_DEVELOPER_DIR}/Tools/RunUnitTests\"\n";
		};
/* End PBXShellScriptBuildPhase section */

/* Begin PBXSourcesBuildPhase section */
		94D8213515DD4F300096CD02 /* Sources */ = {
			isa = PBXSourcesBuildPhase;
			buildActionMask = 2147483647;
			files = (
				94D8214A15DD4F300096CD02 /* main.m in Sources */,
				94D8214E15DD4F300096CD02 /* BCDemoAppDelegate.m in Sources */,
				94D8215715DD4F300096CD02 /* BCDemoViewController.m in Sources */,
			);
			runOnlyForDeploymentPostprocessing = 0;
		};
		94D8215815DD4F300096CD02 /* Sources */ = {
			isa = PBXSourcesBuildPhase;
			buildActionMask = 2147483647;
			files = (
				94D8216C15DD4F300096CD02 /* BadgeCenterDemoTests.m in Sources */,
			);
			runOnlyForDeploymentPostprocessing = 0;
		};
/* End PBXSourcesBuildPhase section */

/* Begin PBXTargetDependency section */
		94D8216315DD4F300096CD02 /* PBXTargetDependency */ = {
			isa = PBXTargetDependency;
			target = 94D8213815DD4F300096CD02 /* BadgeCenterDemo */;
			targetProxy = 94D8216215DD4F300096CD02 /* PBXContainerItemProxy */;
		};
/* End PBXTargetDependency section */

/* Begin PBXVariantGroup section */
		94D8214615DD4F300096CD02 /* InfoPlist.strings */ = {
			isa = PBXVariantGroup;
			children = (
				94D8214715DD4F300096CD02 /* en */,
			);
			name = InfoPlist.strings;
			sourceTree = "<group>";
		};
		94D8216715DD4F300096CD02 /* InfoPlist.strings */ = {
			isa = PBXVariantGroup;
			children = (
				94D8216815DD4F300096CD02 /* en */,
			);
			name = InfoPlist.strings;
			sourceTree = "<group>";
		};
/* End PBXVariantGroup section */

/* Begin XCBuildConfiguration section */
		94D8216D15DD4F300096CD02 /* Debug */ = {
			isa = XCBuildConfiguration;
			buildSettings = {
				ALWAYS_SEARCH_USER_PATHS = NO;
				ARCHS = "$(ARCHS_STANDARD_32_BIT)";
				CLANG_CXX_LANGUAGE_STANDARD = "gnu++0x";
				CLANG_ENABLE_OBJC_ARC = YES;
				CLANG_WARN__DUPLICATE_METHOD_MATCH = YES;
				"CODE_SIGN_IDENTITY[sdk=iphoneos*]" = "iPhone Developer";
				COPY_PHASE_STRIP = NO;
				GCC_C_LANGUAGE_STANDARD = gnu99;
				GCC_DYNAMIC_NO_PIC = NO;
				GCC_OPTIMIZATION_LEVEL = 0;
				GCC_PREPROCESSOR_DEFINITIONS = (
					"DEBUG=1",
					"$(inherited)",
				);
				GCC_SYMBOLS_PRIVATE_EXTERN = NO;
				GCC_VERSION = com.apple.compilers.llvm.clang.1_0;
				GCC_WARN_ABOUT_RETURN_TYPE = YES;
				GCC_WARN_UNINITIALIZED_AUTOS = YES;
				GCC_WARN_UNUSED_VARIABLE = YES;
				IPHONEOS_DEPLOYMENT_TARGET = 5.1;
				SDKROOT = iphoneos;
				TARGETED_DEVICE_FAMILY = "1,2";
			};
			name = Debug;
		};
		94D8216E15DD4F300096CD02 /* Release */ = {
			isa = XCBuildConfiguration;
			buildSettings = {
				ALWAYS_SEARCH_USER_PATHS = NO;
				ARCHS = "$(ARCHS_STANDARD_32_BIT)";
				CLANG_CXX_LANGUAGE_STANDARD = "gnu++0x";
				CLANG_ENABLE_OBJC_ARC = YES;
				CLANG_WARN__DUPLICATE_METHOD_MATCH = YES;
				"CODE_SIGN_IDENTITY[sdk=iphoneos*]" = "iPhone Developer";
				COPY_PHASE_STRIP = YES;
				GCC_C_LANGUAGE_STANDARD = gnu99;
				GCC_VERSION = com.apple.compilers.llvm.clang.1_0;
				GCC_WARN_ABOUT_RETURN_TYPE = YES;
				GCC_WARN_UNINITIALIZED_AUTOS = YES;
				GCC_WARN_UNUSED_VARIABLE = YES;
				IPHONEOS_DEPLOYMENT_TARGET = 5.1;
				OTHER_CFLAGS = "-DNS_BLOCK_ASSERTIONS=1";
				SDKROOT = iphoneos;
				TARGETED_DEVICE_FAMILY = "1,2";
				VALIDATE_PRODUCT = YES;
			};
			name = Release;
		};
		94D8217015DD4F300096CD02 /* Debug */ = {
			isa = XCBuildConfiguration;
			buildSettings = {
				GCC_PRECOMPILE_PREFIX_HEADER = YES;
				GCC_PREFIX_HEADER = "BadgeCenterDemo/BadgeCenterDemo-Prefix.pch";
				INFOPLIST_FILE = "BadgeCenterDemo/BadgeCenterDemo-Info.plist";
				LIBRARY_SEARCH_PATHS = "$(inherited)";
				PRODUCT_NAME = "$(TARGET_NAME)";
				TARGETED_DEVICE_FAMILY = 1;
				WRAPPER_EXTENSION = app;
			};
			name = Debug;
		};
		94D8217115DD4F300096CD02 /* Release */ = {
			isa = XCBuildConfiguration;
			buildSettings = {
				GCC_PRECOMPILE_PREFIX_HEADER = YES;
				GCC_PREFIX_HEADER = "BadgeCenterDemo/BadgeCenterDemo-Prefix.pch";
				INFOPLIST_FILE = "BadgeCenterDemo/BadgeCenterDemo-Info.plist";
				LIBRARY_SEARCH_PATHS = "$(inherited)";
				PRODUCT_NAME = "$(TARGET_NAME)";
				TARGETED_DEVICE_FAMILY = 1;
				WRAPPER_EXTENSION = app;
			};
			name = Release;
		};
		94D8217315DD4F300096CD02 /* Debug */ = {
			isa = XCBuildConfiguration;
			buildSettings = {
				BUNDLE_LOADER = "$(BUILT_PRODUCTS_DIR)/BadgeCenterDemo.app/BadgeCenterDemo";
				FRAMEWORK_SEARCH_PATHS = (
					"\"$(SDKROOT)/Developer/Library/Frameworks\"",
					"\"$(DEVELOPER_LIBRARY_DIR)/Frameworks\"",
				);
				GCC_PRECOMPILE_PREFIX_HEADER = YES;
				GCC_PREFIX_HEADER = "BadgeCenterDemo/BadgeCenterDemo-Prefix.pch";
				INFOPLIST_FILE = "BadgeCenterDemoTests/BadgeCenterDemoTests-Info.plist";
				PRODUCT_NAME = "$(TARGET_NAME)";
				TEST_HOST = "$(BUNDLE_LOADER)";
				WRAPPER_EXTENSION = octest;
			};
			name = Debug;
		};
		94D8217415DD4F300096CD02 /* Release */ = {
			isa = XCBuildConfiguration;
			buildSettings = {
				BUNDLE_LOADER = "$(BUILT_PRODUCTS_DIR)/BadgeCenterDemo.app/BadgeCenterDemo";
				FRAMEWORK_SEARCH_PATHS = (
					"\"$(SDKROOT)/Developer/Library/Frameworks\"",
					"\"$(DEVELOPER_LIBRARY_DIR)/Frameworks\"",
				);
				GCC_PRECOMPILE_PREFIX_HEADER = YES;
				GCC_PREFIX_HEADER = "BadgeCenterDemo/BadgeCenterDemo-Prefix.pch";
				INFOPLIST_FILE = "BadgeCenterDemoTests/BadgeCenterDemoTests-Info.plist";
				PRODUCT_NAME = "$(TARGET_NAME)";
				TEST_HOST = "$(BUNDLE_LOADER)";
				WRAPPER_EXTENSION = octest;
			};
			name = Release;
		};
/* End XCBuildConfiguration section */

/* Begin XCConfigurationList section */
		94D8213315DD4F300096CD02 /* Build configuration list for PBXProject "BadgeCenterDemo" */ = {
			isa = XCConfigurationList;
			buildConfigurations = (
				94D8216D15DD4F300096CD02 /* Debug */,
				94D8216E15DD4F300096CD02 /* Release */,
			);
			defaultConfigurationIsVisible = 0;
			defaultConfigurationName = Release;
		};
		94D8216F15DD4F300096CD02 /* Build configuration list for PBXNativeTarget "BadgeCenterDemo" */ = {
			isa = XCConfigurationList;
			buildConfigurations = (
				94D8217015DD4F300096CD02 /* Debug */,
				94D8217115DD4F300096CD02 /* Release */,
			);
			defaultConfigurationIsVisible = 0;
			defaultConfigurationName = Release;
		};
		94D8217215DD4F300096CD02 /* Build configuration list for PBXNativeTarget "BadgeCenterDemoTests" */ = {
			isa = XCConfigurationList;
			buildConfigurations = (
				94D8217315DD4F300096CD02 /* Debug */,
				94D8217415DD4F300096CD02 /* Release */,
			);
			defaultConfigurationIsVisible = 0;
			defaultConfigurationName = Release;
		};
/* End XCConfigurationList section */
	};
	rootObject = 94D8213015DD4F300096CD02 /* Project object */;
}
